// !$*UTF8*$!
{
	archiveVersion = 1;
	classes = {
	};
	objectVersion = 55;
	objects = {

/* Begin PBXBuildFile section */
		4E3BB79028AD6CE90071146E /* HospitalTableViewCell.swift in Sources */ = {isa = PBXBuildFile; fileRef = 4E3BB78F28AD6CE90071146E /* HospitalTableViewCell.swift */; };
		4E5CB16028C09A9600E84030 /* IntroductionViewController.swift in Sources */ = {isa = PBXBuildFile; fileRef = 4E5CB15F28C09A9600E84030 /* IntroductionViewController.swift */; };
		4E62291A28C2006E00AF8416 /* AddressViewController.swift in Sources */ = {isa = PBXBuildFile; fileRef = 4E62291928C2006D00AF8416 /* AddressViewController.swift */; };
		4E6D313628B8E24C006432A1 /* ButtonBarViewController.swift in Sources */ = {isa = PBXBuildFile; fileRef = 4E6D313528B8E24C006432A1 /* ButtonBarViewController.swift */; };
		4E6F86E728ABDB91002F80B6 /* AppDelegate.swift in Sources */ = {isa = PBXBuildFile; fileRef = 4E6F86E628ABDB91002F80B6 /* AppDelegate.swift */; };
		4E6F86E928ABDB91002F80B6 /* SceneDelegate.swift in Sources */ = {isa = PBXBuildFile; fileRef = 4E6F86E828ABDB91002F80B6 /* SceneDelegate.swift */; };
		4E6F86EE28ABDB91002F80B6 /* Main.storyboard in Resources */ = {isa = PBXBuildFile; fileRef = 4E6F86EC28ABDB91002F80B6 /* Main.storyboard */; };
		4E6F86F028ABDB95002F80B6 /* Assets.xcassets in Resources */ = {isa = PBXBuildFile; fileRef = 4E6F86EF28ABDB95002F80B6 /* Assets.xcassets */; };
		4E6F86F328ABDB95002F80B6 /* LaunchScreen.storyboard in Resources */ = {isa = PBXBuildFile; fileRef = 4E6F86F128ABDB95002F80B6 /* LaunchScreen.storyboard */; };
		4E6F86FE28ABDB95002F80B6 /* HospitalTests.swift in Sources */ = {isa = PBXBuildFile; fileRef = 4E6F86FD28ABDB95002F80B6 /* HospitalTests.swift */; };
		4E6F870828ABDB95002F80B6 /* HospitalUITests.swift in Sources */ = {isa = PBXBuildFile; fileRef = 4E6F870728ABDB95002F80B6 /* HospitalUITests.swift */; };
		4E6F870A28ABDB95002F80B6 /* HospitalUITestsLaunchTests.swift in Sources */ = {isa = PBXBuildFile; fileRef = 4E6F870928ABDB95002F80B6 /* HospitalUITestsLaunchTests.swift */; };
		4E99EC1B28ACC1920069EAAC /* hospital.json in Resources */ = {isa = PBXBuildFile; fileRef = 4E99EC1A28ACC1920069EAAC /* hospital.json */; };
		4E99EC1D28ACC4210069EAAC /* Model.swift in Sources */ = {isa = PBXBuildFile; fileRef = 4E99EC1C28ACC4210069EAAC /* Model.swift */; };
		4E99EC2528ACF1EF0069EAAC /* HospitalViewController.swift in Sources */ = {isa = PBXBuildFile; fileRef = 4E99EC2428ACF1EF0069EAAC /* HospitalViewController.swift */; };
		C1BEF080C9385DCAC7F72E74 /* Pods_Hospital.framework in Frameworks */ = {isa = PBXBuildFile; fileRef = 0681184165FF7AAAF559E5F1 /* Pods_Hospital.framework */; };
/* End PBXBuildFile section */

/* Begin PBXContainerItemProxy section */
		4E6F86FA28ABDB95002F80B6 /* PBXContainerItemProxy */ = {
			isa = PBXContainerItemProxy;
			containerPortal = 4E6F86DB28ABDB91002F80B6 /* Project object */;
			proxyType = 1;
			remoteGlobalIDString = 4E6F86E228ABDB91002F80B6;
			remoteInfo = Hospital;
		};
		4E6F870428ABDB95002F80B6 /* PBXContainerItemProxy */ = {
			isa = PBXContainerItemProxy;
			containerPortal = 4E6F86DB28ABDB91002F80B6 /* Project object */;
			proxyType = 1;
			remoteGlobalIDString = 4E6F86E228ABDB91002F80B6;
			remoteInfo = Hospital;
		};
/* End PBXContainerItemProxy section */

/* Begin PBXFileReference section */
		0681184165FF7AAAF559E5F1 /* Pods_Hospital.framework */ = {isa = PBXFileReference; explicitFileType = wrapper.framework; includeInIndex = 0; path = Pods_Hospital.framework; sourceTree = BUILT_PRODUCTS_DIR; };
		309425685FB56AAADFAA4CBA /* Pods-Hospital.release.xcconfig */ = {isa = PBXFileReference; includeInIndex = 1; lastKnownFileType = text.xcconfig; name = "Pods-Hospital.release.xcconfig"; path = "Target Support Files/Pods-Hospital/Pods-Hospital.release.xcconfig"; sourceTree = "<group>"; };
		4E3BB78F28AD6CE90071146E /* HospitalTableViewCell.swift */ = {isa = PBXFileReference; lastKnownFileType = sourcecode.swift; path = HospitalTableViewCell.swift; sourceTree = "<group>"; };
		4E5CB15F28C09A9600E84030 /* IntroductionViewController.swift */ = {isa = PBXFileReference; lastKnownFileType = sourcecode.swift; path = IntroductionViewController.swift; sourceTree = "<group>"; };
		4E62291928C2006D00AF8416 /* AddressViewController.swift */ = {isa = PBXFileReference; lastKnownFileType = sourcecode.swift; path = AddressViewController.swift; sourceTree = "<group>"; };
		4E6D313528B8E24C006432A1 /* ButtonBarViewController.swift */ = {isa = PBXFileReference; lastKnownFileType = sourcecode.swift; path = ButtonBarViewController.swift; sourceTree = "<group>"; };
		4E6F86E328ABDB91002F80B6 /* Hospital.app */ = {isa = PBXFileReference; explicitFileType = wrapper.application; includeInIndex = 0; path = Hospital.app; sourceTree = BUILT_PRODUCTS_DIR; };
		4E6F86E628ABDB91002F80B6 /* AppDelegate.swift */ = {isa = PBXFileReference; lastKnownFileType = sourcecode.swift; path = AppDelegate.swift; sourceTree = "<group>"; };
		4E6F86E828ABDB91002F80B6 /* SceneDelegate.swift */ = {isa = PBXFileReference; lastKnownFileType = sourcecode.swift; path = SceneDelegate.swift; sourceTree = "<group>"; };
		4E6F86ED28ABDB91002F80B6 /* Base */ = {isa = PBXFileReference; lastKnownFileType = file.storyboard; name = Base; path = Base.lproj/Main.storyboard; sourceTree = "<group>"; };
		4E6F86EF28ABDB95002F80B6 /* Assets.xcassets */ = {isa = PBXFileReference; lastKnownFileType = folder.assetcatalog; path = Assets.xcassets; sourceTree = "<group>"; };
		4E6F86F228ABDB95002F80B6 /* Base */ = {isa = PBXFileReference; lastKnownFileType = file.storyboard; name = Base; path = Base.lproj/LaunchScreen.storyboard; sourceTree = "<group>"; };
		4E6F86F428ABDB95002F80B6 /* Info.plist */ = {isa = PBXFileReference; lastKnownFileType = text.plist.xml; path = Info.plist; sourceTree = "<group>"; };
		4E6F86F928ABDB95002F80B6 /* HospitalTests.xctest */ = {isa = PBXFileReference; explicitFileType = wrapper.cfbundle; includeInIndex = 0; path = HospitalTests.xctest; sourceTree = BUILT_PRODUCTS_DIR; };
		4E6F86FD28ABDB95002F80B6 /* HospitalTests.swift */ = {isa = PBXFileReference; lastKnownFileType = sourcecode.swift; path = HospitalTests.swift; sourceTree = "<group>"; };
		4E6F870328ABDB95002F80B6 /* HospitalUITests.xctest */ = {isa = PBXFileReference; explicitFileType = wrapper.cfbundle; includeInIndex = 0; path = HospitalUITests.xctest; sourceTree = BUILT_PRODUCTS_DIR; };
		4E6F870728ABDB95002F80B6 /* HospitalUITests.swift */ = {isa = PBXFileReference; lastKnownFileType = sourcecode.swift; path = HospitalUITests.swift; sourceTree = "<group>"; };
		4E6F870928ABDB95002F80B6 /* HospitalUITestsLaunchTests.swift */ = {isa = PBXFileReference; lastKnownFileType = sourcecode.swift; path = HospitalUITestsLaunchTests.swift; sourceTree = "<group>"; };
		4E99EC1A28ACC1920069EAAC /* hospital.json */ = {isa = PBXFileReference; lastKnownFileType = text.json; path = hospital.json; sourceTree = "<group>"; };
		4E99EC1C28ACC4210069EAAC /* Model.swift */ = {isa = PBXFileReference; lastKnownFileType = sourcecode.swift; path = Model.swift; sourceTree = "<group>"; };
		4E99EC2428ACF1EF0069EAAC /* HospitalViewController.swift */ = {isa = PBXFileReference; lastKnownFileType = sourcecode.swift; path = HospitalViewController.swift; sourceTree = "<group>"; };
		632BCA1089F4017A48F16E68 /* Pods-Hospital.debug.xcconfig */ = {isa = PBXFileReference; includeInIndex = 1; lastKnownFileType = text.xcconfig; name = "Pods-Hospital.debug.xcconfig"; path = "Target Support Files/Pods-Hospital/Pods-Hospital.debug.xcconfig"; sourceTree = "<group>"; };
/* End PBXFileReference section */

/* Begin PBXFrameworksBuildPhase section */
		4E6F86E028ABDB91002F80B6 /* Frameworks */ = {
			isa = PBXFrameworksBuildPhase;
			buildActionMask = 2147483647;
			files = (
				C1BEF080C9385DCAC7F72E74 /* Pods_Hospital.framework in Frameworks */,
			);
			runOnlyForDeploymentPostprocessing = 0;
		};
		4E6F86F628ABDB95002F80B6 /* Frameworks */ = {
			isa = PBXFrameworksBuildPhase;
			buildActionMask = 2147483647;
			files = (
			);
			runOnlyForDeploymentPostprocessing = 0;
		};
		4E6F870028ABDB95002F80B6 /* Frameworks */ = {
			isa = PBXFrameworksBuildPhase;
			buildActionMask = 2147483647;
			files = (
			);
			runOnlyForDeploymentPostprocessing = 0;
		};
/* End PBXFrameworksBuildPhase section */

/* Begin PBXGroup section */
		1BFDFFEB2815CD6CD6D280EA /* Frameworks */ = {
			isa = PBXGroup;
			children = (
				0681184165FF7AAAF559E5F1 /* Pods_Hospital.framework */,
			);
			name = Frameworks;
			sourceTree = "<group>";
		};
		4E6F86DA28ABDB91002F80B6 = {
			isa = PBXGroup;
			children = (
				4E6F86E528ABDB91002F80B6 /* Hospital */,
				4E6F86FC28ABDB95002F80B6 /* HospitalTests */,
				4E6F870628ABDB95002F80B6 /* HospitalUITests */,
				4E6F86E428ABDB91002F80B6 /* Products */,
				73AF5654EA74AA1AE28DAF69 /* Pods */,
				1BFDFFEB2815CD6CD6D280EA /* Frameworks */,
			);
			sourceTree = "<group>";
		};
		4E6F86E428ABDB91002F80B6 /* Products */ = {
			isa = PBXGroup;
			children = (
				4E6F86E328ABDB91002F80B6 /* Hospital.app */,
				4E6F86F928ABDB95002F80B6 /* HospitalTests.xctest */,
				4E6F870328ABDB95002F80B6 /* HospitalUITests.xctest */,
			);
			name = Products;
			sourceTree = "<group>";
		};
		4E6F86E528ABDB91002F80B6 /* Hospital */ = {
			isa = PBXGroup;
			children = (
				4E6F86E628ABDB91002F80B6 /* AppDelegate.swift */,
				4E6F86E828ABDB91002F80B6 /* SceneDelegate.swift */,
				4E6F86EC28ABDB91002F80B6 /* Main.storyboard */,
				4E6D313528B8E24C006432A1 /* ButtonBarViewController.swift */,
				4E5CB15F28C09A9600E84030 /* IntroductionViewController.swift */,
				4E62291928C2006D00AF8416 /* AddressViewController.swift */,
				4E99EC2428ACF1EF0069EAAC /* HospitalViewController.swift */,
				4E3BB78F28AD6CE90071146E /* HospitalTableViewCell.swift */,
				4E6F86EF28ABDB95002F80B6 /* Assets.xcassets */,
				4E6F86F128ABDB95002F80B6 /* LaunchScreen.storyboard */,
				4E6F86F428ABDB95002F80B6 /* Info.plist */,
				4E99EC1A28ACC1920069EAAC /* hospital.json */,
				4E99EC1C28ACC4210069EAAC /* Model.swift */,
			);
			path = Hospital;
			sourceTree = "<group>";
		};
		4E6F86FC28ABDB95002F80B6 /* HospitalTests */ = {
			isa = PBXGroup;
			children = (
				4E6F86FD28ABDB95002F80B6 /* HospitalTests.swift */,
			);
			path = HospitalTests;
			sourceTree = "<group>";
		};
		4E6F870628ABDB95002F80B6 /* HospitalUITests */ = {
			isa = PBXGroup;
			children = (
				4E6F870728ABDB95002F80B6 /* HospitalUITests.swift */,
				4E6F870928ABDB95002F80B6 /* HospitalUITestsLaunchTests.swift */,
			);
			path = HospitalUITests;
			sourceTree = "<group>";
		};
		73AF5654EA74AA1AE28DAF69 /* Pods */ = {
			isa = PBXGroup;
			children = (
				632BCA1089F4017A48F16E68 /* Pods-Hospital.debug.xcconfig */,
				309425685FB56AAADFAA4CBA /* Pods-Hospital.release.xcconfig */,
			);
			path = Pods;
			sourceTree = "<group>";
		};
/* End PBXGroup section */

/* Begin PBXNativeTarget section */
		4E6F86E228ABDB91002F80B6 /* Hospital */ = {
			isa = PBXNativeTarget;
			buildConfigurationList = 4E6F870D28ABDB95002F80B6 /* Build configuration list for PBXNativeTarget "Hospital" */;
			buildPhases = (
				9CA03BD7C8187240E65700B2 /* [CP] Check Pods Manifest.lock */,
				4E6F86DF28ABDB91002F80B6 /* Sources */,
				4E6F86E028ABDB91002F80B6 /* Frameworks */,
				4E6F86E128ABDB91002F80B6 /* Resources */,
				D86B3B557A17418FEBEA6B33 /* [CP] Embed Pods Frameworks */,
			);
			buildRules = (
			);
			dependencies = (
			);
			name = Hospital;
			productName = Hospital;
			productReference = 4E6F86E328ABDB91002F80B6 /* Hospital.app */;
			productType = "com.apple.product-type.application";
		};
		4E6F86F828ABDB95002F80B6 /* HospitalTests */ = {
			isa = PBXNativeTarget;
			buildConfigurationList = 4E6F871028ABDB95002F80B6 /* Build configuration list for PBXNativeTarget "HospitalTests" */;
			buildPhases = (
				4E6F86F528ABDB95002F80B6 /* Sources */,
				4E6F86F628ABDB95002F80B6 /* Frameworks */,
				4E6F86F728ABDB95002F80B6 /* Resources */,
			);
			buildRules = (
			);
			dependencies = (
				4E6F86FB28ABDB95002F80B6 /* PBXTargetDependency */,
			);
			name = HospitalTests;
			productName = HospitalTests;
			productReference = 4E6F86F928ABDB95002F80B6 /* HospitalTests.xctest */;
			productType = "com.apple.product-type.bundle.unit-test";
		};
		4E6F870228ABDB95002F80B6 /* HospitalUITests */ = {
			isa = PBXNativeTarget;
			buildConfigurationList = 4E6F871328ABDB95002F80B6 /* Build configuration list for PBXNativeTarget "HospitalUITests" */;
			buildPhases = (
				4E6F86FF28ABDB95002F80B6 /* Sources */,
				4E6F870028ABDB95002F80B6 /* Frameworks */,
				4E6F870128ABDB95002F80B6 /* Resources */,
			);
			buildRules = (
			);
			dependencies = (
				4E6F870528ABDB95002F80B6 /* PBXTargetDependency */,
			);
			name = HospitalUITests;
			productName = HospitalUITests;
			productReference = 4E6F870328ABDB95002F80B6 /* HospitalUITests.xctest */;
			productType = "com.apple.product-type.bundle.ui-testing";
		};
/* End PBXNativeTarget section */

/* Begin PBXProject section */
		4E6F86DB28ABDB91002F80B6 /* Project object */ = {
			isa = PBXProject;
			attributes = {
				BuildIndependentTargetsInParallel = 1;
				LastSwiftUpdateCheck = 1330;
				LastUpgradeCheck = 1330;
				TargetAttributes = {
					4E6F86E228ABDB91002F80B6 = {
						CreatedOnToolsVersion = 13.3;
					};
					4E6F86F828ABDB95002F80B6 = {
						CreatedOnToolsVersion = 13.3;
						TestTargetID = 4E6F86E228ABDB91002F80B6;
					};
					4E6F870228ABDB95002F80B6 = {
						CreatedOnToolsVersion = 13.3;
						TestTargetID = 4E6F86E228ABDB91002F80B6;
					};
				};
			};
			buildConfigurationList = 4E6F86DE28ABDB91002F80B6 /* Build configuration list for PBXProject "Hospital" */;
			compatibilityVersion = "Xcode 13.0";
			developmentRegion = en;
			hasScannedForEncodings = 0;
			knownRegions = (
				en,
				Base,
			);
			mainGroup = 4E6F86DA28ABDB91002F80B6;
			productRefGroup = 4E6F86E428ABDB91002F80B6 /* Products */;
			projectDirPath = "";
			projectRoot = "";
			targets = (
				4E6F86E228ABDB91002F80B6 /* Hospital */,
				4E6F86F828ABDB95002F80B6 /* HospitalTests */,
				4E6F870228ABDB95002F80B6 /* HospitalUITests */,
			);
		};
/* End PBXProject section */

/* Begin PBXResourcesBuildPhase section */
		4E6F86E128ABDB91002F80B6 /* Resources */ = {
			isa = PBXResourcesBuildPhase;
			buildActionMask = 2147483647;
			files = (
				4E6F86F328ABDB95002F80B6 /* LaunchScreen.storyboard in Resources */,
				4E99EC1B28ACC1920069EAAC /* hospital.json in Resources */,
				4E6F86F028ABDB95002F80B6 /* Assets.xcassets in Resources */,
				4E6F86EE28ABDB91002F80B6 /* Main.storyboard in Resources */,
			);
			runOnlyForDeploymentPostprocessing = 0;
		};
		4E6F86F728ABDB95002F80B6 /* Resources */ = {
			isa = PBXResourcesBuildPhase;
			buildActionMask = 2147483647;
			files = (
			);
			runOnlyForDeploymentPostprocessing = 0;
		};
		4E6F870128ABDB95002F80B6 /* Resources */ = {
			isa = PBXResourcesBuildPhase;
			buildActionMask = 2147483647;
			files = (
			);
			runOnlyForDeploymentPostprocessing = 0;
		};
/* End PBXResourcesBuildPhase section */

/* Begin PBXShellScriptBuildPhase section */
		9CA03BD7C8187240E65700B2 /* [CP] Check Pods Manifest.lock */ = {
			isa = PBXShellScriptBuildPhase;
			buildActionMask = 2147483647;
			files = (
			);
			inputFileListPaths = (
			);
			inputPaths = (
				"${PODS_PODFILE_DIR_PATH}/Podfile.lock",
				"${PODS_ROOT}/Manifest.lock",
			);
			name = "[CP] Check Pods Manifest.lock";
			outputFileListPaths = (
			);
			outputPaths = (
				"$(DERIVED_FILE_DIR)/Pods-Hospital-checkManifestLockResult.txt",
			);
			runOnlyForDeploymentPostprocessing = 0;
			shellPath = /bin/sh;
			shellScript = "diff \"${PODS_PODFILE_DIR_PATH}/Podfile.lock\" \"${PODS_ROOT}/Manifest.lock\" > /dev/null\nif [ $? != 0 ] ; then\n    # print error to STDERR\n    echo \"error: The sandbox is not in sync with the Podfile.lock. Run 'pod install' or update your CocoaPods installation.\" >&2\n    exit 1\nfi\n# This output is used by Xcode 'outputs' to avoid re-running this script phase.\necho \"SUCCESS\" > \"${SCRIPT_OUTPUT_FILE_0}\"\n";
			showEnvVarsInLog = 0;
		};
		D86B3B557A17418FEBEA6B33 /* [CP] Embed Pods Frameworks */ = {
			isa = PBXShellScriptBuildPhase;
			buildActionMask = 2147483647;
			files = (
			);
			inputFileListPaths = (
				"${PODS_ROOT}/Target Support Files/Pods-Hospital/Pods-Hospital-frameworks-${CONFIGURATION}-input-files.xcfilelist",
			);
			name = "[CP] Embed Pods Frameworks";
			outputFileListPaths = (
				"${PODS_ROOT}/Target Support Files/Pods-Hospital/Pods-Hospital-frameworks-${CONFIGURATION}-output-files.xcfilelist",
			);
			runOnlyForDeploymentPostprocessing = 0;
			shellPath = /bin/sh;
			shellScript = "\"${PODS_ROOT}/Target Support Files/Pods-Hospital/Pods-Hospital-frameworks.sh\"\n";
			showEnvVarsInLog = 0;
		};
/* End PBXShellScriptBuildPhase section */

/* Begin PBXSourcesBuildPhase section */
		4E6F86DF28ABDB91002F80B6 /* Sources */ = {
			isa = PBXSourcesBuildPhase;
			buildActionMask = 2147483647;
			files = (
				4E6D313628B8E24C006432A1 /* ButtonBarViewController.swift in Sources */,
				4E62291A28C2006E00AF8416 /* AddressViewController.swift in Sources */,
				4E6F86E728ABDB91002F80B6 /* AppDelegate.swift in Sources */,
				4E5CB16028C09A9600E84030 /* IntroductionViewController.swift in Sources */,
				4E99EC2528ACF1EF0069EAAC /* HospitalViewController.swift in Sources */,
				4E6F86E928ABDB91002F80B6 /* SceneDelegate.swift in Sources */,
				4E99EC1D28ACC4210069EAAC /* Model.swift in Sources */,
				4E3BB79028AD6CE90071146E /* HospitalTableViewCell.swift in Sources */,
			);
			runOnlyForDeploymentPostprocessing = 0;
		};
		4E6F86F528ABDB95002F80B6 /* Sources */ = {
			isa = PBXSourcesBuildPhase;
			buildActionMask = 2147483647;
			files = (
				4E6F86FE28ABDB95002F80B6 /* HospitalTests.swift in Sources */,
			);
			runOnlyForDeploymentPostprocessing = 0;
		};
		4E6F86FF28ABDB95002F80B6 /* Sources */ = {
			isa = PBXSourcesBuildPhase;
			buildActionMask = 2147483647;
			files = (
				4E6F870A28ABDB95002F80B6 /* HospitalUITestsLaunchTests.swift in Sources */,
				4E6F870828ABDB95002F80B6 /* HospitalUITests.swift in Sources */,
			);
			runOnlyForDeploymentPostprocessing = 0;
		};
/* End PBXSourcesBuildPhase section */

/* Begin PBXTargetDependency section */
		4E6F86FB28ABDB95002F80B6 /* PBXTargetDependency */ = {
			isa = PBXTargetDependency;
			target = 4E6F86E228ABDB91002F80B6 /* Hospital */;
			targetProxy = 4E6F86FA28ABDB95002F80B6 /* PBXContainerItemProxy */;
		};
		4E6F870528ABDB95002F80B6 /* PBXTargetDependency */ = {
			isa = PBXTargetDependency;
			target = 4E6F86E228ABDB91002F80B6 /* Hospital */;
			targetProxy = 4E6F870428ABDB95002F80B6 /* PBXContainerItemProxy */;
		};
/* End PBXTargetDependency section */

/* Begin PBXVariantGroup section */
		4E6F86EC28ABDB91002F80B6 /* Main.storyboard */ = {
			isa = PBXVariantGroup;
			children = (
				4E6F86ED28ABDB91002F80B6 /* Base */,
			);
			name = Main.storyboard;
			sourceTree = "<group>";
		};
		4E6F86F128ABDB95002F80B6 /* LaunchScreen.storyboard */ = {
			isa = PBXVariantGroup;
			children = (
				4E6F86F228ABDB95002F80B6 /* Base */,
			);
			name = LaunchScreen.storyboard;
			sourceTree = "<group>";
		};
/* End PBXVariantGroup section */

/* Begin XCBuildConfiguration section */
		4E6F870B28ABDB95002F80B6 /* Debug */ = {
			isa = XCBuildConfiguration;
			buildSettings = {
				ALWAYS_SEARCH_USER_PATHS = NO;
				CLANG_ANALYZER_NONNULL = YES;
				CLANG_ANALYZER_NUMBER_OBJECT_CONVERSION = YES_AGGRESSIVE;
				CLANG_CXX_LANGUAGE_STANDARD = "gnu++17";
				CLANG_ENABLE_MODULES = YES;
				CLANG_ENABLE_OBJC_ARC = YES;
				CLANG_ENABLE_OBJC_WEAK = YES;
				CLANG_WARN_BLOCK_CAPTURE_AUTORELEASING = YES;
				CLANG_WARN_BOOL_CONVERSION = YES;
				CLANG_WARN_COMMA = YES;
				CLANG_WARN_CONSTANT_CONVERSION = YES;
				CLANG_WARN_DEPRECATED_OBJC_IMPLEMENTATIONS = YES;
				CLANG_WARN_DIRECT_OBJC_ISA_USAGE = YES_ERROR;
				CLANG_WARN_DOCUMENTATION_COMMENTS = YES;
				CLANG_WARN_EMPTY_BODY = YES;
				CLANG_WARN_ENUM_CONVERSION = YES;
				CLANG_WARN_INFINITE_RECURSION = YES;
				CLANG_WARN_INT_CONVERSION = YES;
				CLANG_WARN_NON_LITERAL_NULL_CONVERSION = YES;
				CLANG_WARN_OBJC_IMPLICIT_RETAIN_SELF = YES;
				CLANG_WARN_OBJC_LITERAL_CONVERSION = YES;
				CLANG_WARN_OBJC_ROOT_CLASS = YES_ERROR;
				CLANG_WARN_QUOTED_INCLUDE_IN_FRAMEWORK_HEADER = YES;
				CLANG_WARN_RANGE_LOOP_ANALYSIS = YES;
				CLANG_WARN_STRICT_PROTOTYPES = YES;
				CLANG_WARN_SUSPICIOUS_MOVE = YES;
				CLANG_WARN_UNGUARDED_AVAILABILITY = YES_AGGRESSIVE;
				CLANG_WARN_UNREACHABLE_CODE = YES;
				CLANG_WARN__DUPLICATE_METHOD_MATCH = YES;
				COPY_PHASE_STRIP = NO;
				DEBUG_INFORMATION_FORMAT = dwarf;
				ENABLE_STRICT_OBJC_MSGSEND = YES;
				ENABLE_TESTABILITY = YES;
				GCC_C_LANGUAGE_STANDARD = gnu11;
				GCC_DYNAMIC_NO_PIC = NO;
				GCC_NO_COMMON_BLOCKS = YES;
				GCC_OPTIMIZATION_LEVEL = 0;
				GCC_PREPROCESSOR_DEFINITIONS = (
					"DEBUG=1",
					"$(inherited)",
				);
				GCC_WARN_64_TO_32_BIT_CONVERSION = YES;
				GCC_WARN_ABOUT_RETURN_TYPE = YES_ERROR;
				GCC_WARN_UNDECLARED_SELECTOR = YES;
				GCC_WARN_UNINITIALIZED_AUTOS = YES_AGGRESSIVE;
				GCC_WARN_UNUSED_FUNCTION = YES;
				GCC_WARN_UNUSED_VARIABLE = YES;
				IPHONEOS_DEPLOYMENT_TARGET = 15.4;
				MTL_ENABLE_DEBUG_INFO = INCLUDE_SOURCE;
				MTL_FAST_MATH = YES;
				ONLY_ACTIVE_ARCH = YES;
				SDKROOT = iphoneos;
				SWIFT_ACTIVE_COMPILATION_CONDITIONS = DEBUG;
				SWIFT_OPTIMIZATION_LEVEL = "-Onone";
			};
			name = Debug;
		};
		4E6F870C28ABDB95002F80B6 /* Release */ = {
			isa = XCBuildConfiguration;
			buildSettings = {
				ALWAYS_SEARCH_USER_PATHS = NO;
				CLANG_ANALYZER_NONNULL = YES;
				CLANG_ANALYZER_NUMBER_OBJECT_CONVERSION = YES_AGGRESSIVE;
				CLANG_CXX_LANGUAGE_STANDARD = "gnu++17";
				CLANG_ENABLE_MODULES = YES;
				CLANG_ENABLE_OBJC_ARC = YES;
				CLANG_ENABLE_OBJC_WEAK = YES;
				CLANG_WARN_BLOCK_CAPTURE_AUTORELEASING = YES;
				CLANG_WARN_BOOL_CONVERSION = YES;
				CLANG_WARN_COMMA = YES;
				CLANG_WARN_CONSTANT_CONVERSION = YES;
				CLANG_WARN_DEPRECATED_OBJC_IMPLEMENTATIONS = YES;
				CLANG_WARN_DIRECT_OBJC_ISA_USAGE = YES_ERROR;
				CLANG_WARN_DOCUMENTATION_COMMENTS = YES;
				CLANG_WARN_EMPTY_BODY = YES;
				CLANG_WARN_ENUM_CONVERSION = YES;
				CLANG_WARN_INFINITE_RECURSION = YES;
				CLANG_WARN_INT_CONVERSION = YES;
				CLANG_WARN_NON_LITERAL_NULL_CONVERSION = YES;
				CLANG_WARN_OBJC_IMPLICIT_RETAIN_SELF = YES;
				CLANG_WARN_OBJC_LITERAL_CONVERSION = YES;
				CLANG_WARN_OBJC_ROOT_CLASS = YES_ERROR;
				CLANG_WARN_QUOTED_INCLUDE_IN_FRAMEWORK_HEADER = YES;
				CLANG_WARN_RANGE_LOOP_ANALYSIS = YES;
				CLANG_WARN_STRICT_PROTOTYPES = YES;
				CLANG_WARN_SUSPICIOUS_MOVE = YES;
				CLANG_WARN_UNGUARDED_AVAILABILITY = YES_AGGRESSIVE;
				CLANG_WARN_UNREACHABLE_CODE = YES;
				CLANG_WARN__DUPLICATE_METHOD_MATCH = YES;
				COPY_PHASE_STRIP = NO;
				DEBUG_INFORMATION_FORMAT = "dwarf-with-dsym";
				ENABLE_NS_ASSERTIONS = NO;
				ENABLE_STRICT_OBJC_MSGSEND = YES;
				GCC_C_LANGUAGE_STANDARD = gnu11;
				GCC_NO_COMMON_BLOCKS = YES;
				GCC_WARN_64_TO_32_BIT_CONVERSION = YES;
				GCC_WARN_ABOUT_RETURN_TYPE = YES_ERROR;
				GCC_WARN_UNDECLARED_SELECTOR = YES;
				GCC_WARN_UNINITIALIZED_AUTOS = YES_AGGRESSIVE;
				GCC_WARN_UNUSED_FUNCTION = YES;
				GCC_WARN_UNUSED_VARIABLE = YES;
				IPHONEOS_DEPLOYMENT_TARGET = 15.4;
				MTL_ENABLE_DEBUG_INFO = NO;
				MTL_FAST_MATH = YES;
				SDKROOT = iphoneos;
				SWIFT_COMPILATION_MODE = wholemodule;
				SWIFT_OPTIMIZATION_LEVEL = "-O";
				VALIDATE_PRODUCT = YES;
			};
			name = Release;
		};
		4E6F870E28ABDB95002F80B6 /* Debug */ = {
			isa = XCBuildConfiguration;
			baseConfigurationReference = 632BCA1089F4017A48F16E68 /* Pods-Hospital.debug.xcconfig */;
			buildSettings = {
				ASSETCATALOG_COMPILER_APPICON_NAME = AppIcon;
				ASSETCATALOG_COMPILER_GLOBAL_ACCENT_COLOR_NAME = AccentColor;
				CODE_SIGN_STYLE = Automatic;
				CURRENT_PROJECT_VERSION = 1;
				DEVELOPMENT_TEAM = 6J8F2C74J6;
				GENERATE_INFOPLIST_FILE = YES;
				INFOPLIST_FILE = Hospital/Info.plist;
				INFOPLIST_KEY_UIApplicationSupportsIndirectInputEvents = YES;
				INFOPLIST_KEY_UILaunchStoryboardName = LaunchScreen;
				INFOPLIST_KEY_UIMainStoryboardFile = Main;
				INFOPLIST_KEY_UISupportedInterfaceOrientations_iPad = "UIInterfaceOrientationPortrait UIInterfaceOrientationPortraitUpsideDown UIInterfaceOrientationLandscapeLeft UIInterfaceOrientationLandscapeRight";
				INFOPLIST_KEY_UISupportedInterfaceOrientations_iPhone = "UIInterfaceOrientationPortrait UIInterfaceOrientationLandscapeLeft UIInterfaceOrientationLandscapeRight";
				LD_RUNPATH_SEARCH_PATHS = (
					"$(inherited)",
					"@executable_path/Frameworks",
				);
				MARKETING_VERSION = 1.0;
				PRODUCT_BUNDLE_IDENTIFIER = com.info.Hospital;
				PRODUCT_NAME = "$(TARGET_NAME)";
				SWIFT_EMIT_LOC_STRINGS = YES;
				SWIFT_VERSION = 5.0;
				TARGETED_DEVICE_FAMILY = "1,2";
			};
			name = Debug;
		};
		4E6F870F28ABDB95002F80B6 /* Release */ = {
			isa = XCBuildConfiguration;
			baseConfigurationReference = 309425685FB56AAADFAA4CBA /* Pods-Hospital.release.xcconfig */;
			buildSettings = {
				ASSETCATALOG_COMPILER_APPICON_NAME = AppIcon;
				ASSETCATALOG_COMPILER_GLOBAL_ACCENT_COLOR_NAME = AccentColor;
				CODE_SIGN_STYLE = Automatic;
				CURRENT_PROJECT_VERSION = 1;
				DEVELOPMENT_TEAM = 6J8F2C74J6;
				GENERATE_INFOPLIST_FILE = YES;
				INFOPLIST_FILE = Hospital/Info.plist;
				INFOPLIST_KEY_UIApplicationSupportsIndirectInputEvents = YES;
				INFOPLIST_KEY_UILaunchStoryboardName = LaunchScreen;
				INFOPLIST_KEY_UIMainStoryboardFile = Main;
				INFOPLIST_KEY_UISupportedInterfaceOrientations_iPad = "UIInterfaceOrientationPortrait UIInterfaceOrientationPortraitUpsideDown UIInterfaceOrientationLandscapeLeft UIInterfaceOrientationLandscapeRight";
				INFOPLIST_KEY_UISupportedInterfaceOrientations_iPhone = "UIInterfaceOrientationPortrait UIInterfaceOrientationLandscapeLeft UIInterfaceOrientationLandscapeRight";
				LD_RUNPATH_SEARCH_PATHS = (
					"$(inherited)",
					"@executable_path/Frameworks",
				);
				MARKETING_VERSION = 1.0;
				PRODUCT_BUNDLE_IDENTIFIER = com.info.Hospital;
				PRODUCT_NAME = "$(TARGET_NAME)";
				SWIFT_EMIT_LOC_STRINGS = YES;
				SWIFT_VERSION = 5.0;
				TARGETED_DEVICE_FAMILY = "1,2";
			};
			name = Release;
		};
		4E6F871128ABDB95002F80B6 /* Debug */ = {
			isa = XCBuildConfiguration;
			buildSettings = {
				ALWAYS_EMBED_SWIFT_STANDARD_LIBRARIES = YES;
				BUNDLE_LOADER = "$(TEST_HOST)";
				CODE_SIGN_STYLE = Automatic;
				CURRENT_PROJECT_VERSION = 1;
				GENERATE_INFOPLIST_FILE = YES;
				IPHONEOS_DEPLOYMENT_TARGET = 15.4;
				MARKETING_VERSION = 1.0;
				PRODUCT_BUNDLE_IDENTIFIER = com.info.HospitalTests;
				PRODUCT_NAME = "$(TARGET_NAME)";
				SWIFT_EMIT_LOC_STRINGS = NO;
				SWIFT_VERSION = 5.0;
				TARGETED_DEVICE_FAMILY = "1,2";
				TEST_HOST = "$(BUILT_PRODUCTS_DIR)/Hospital.app/Hospital";
			};
			name = Debug;
		};
		4E6F871228ABDB95002F80B6 /* Release */ = {
			isa = XCBuildConfiguration;
			buildSettings = {
				ALWAYS_EMBED_SWIFT_STANDARD_LIBRARIES = YES;
				BUNDLE_LOADER = "$(TEST_HOST)";
				CODE_SIGN_STYLE = Automatic;
				CURRENT_PROJECT_VERSION = 1;
				GENERATE_INFOPLIST_FILE = YES;
				IPHONEOS_DEPLOYMENT_TARGET = 15.4;
				MARKETING_VERSION = 1.0;
				PRODUCT_BUNDLE_IDENTIFIER = com.info.HospitalTests;
				PRODUCT_NAME = "$(TARGET_NAME)";
				SWIFT_EMIT_LOC_STRINGS = NO;
				SWIFT_VERSION = 5.0;
				TARGETED_DEVICE_FAMILY = "1,2";
				TEST_HOST = "$(BUILT_PRODUCTS_DIR)/Hospital.app/Hospital";
			};
			name = Release;
		};
		4E6F871428ABDB95002F80B6 /* Debug */ = {
			isa = XCBuildConfiguration;
			buildSettings = {
				ALWAYS_EMBED_SWIFT_STANDARD_LIBRARIES = YES;
				CODE_SIGN_STYLE = Automatic;
				CURRENT_PROJECT_VERSION = 1;
				GENERATE_INFOPLIST_FILE = YES;
				MARKETING_VERSION = 1.0;
				PRODUCT_BUNDLE_IDENTIFIER = com.info.HospitalUITests;
				PRODUCT_NAME = "$(TARGET_NAME)";
				SWIFT_EMIT_LOC_STRINGS = NO;
				SWIFT_VERSION = 5.0;
				TARGETED_DEVICE_FAMILY = "1,2";
				TEST_TARGET_NAME = Hospital;
			};
			name = Debug;
		};
		4E6F871528ABDB95002F80B6 /* Release */ = {
			isa = XCBuildConfiguration;
			buildSettings = {
				ALWAYS_EMBED_SWIFT_STANDARD_LIBRARIES = YES;
				CODE_SIGN_STYLE = Automatic;
				CURRENT_PROJECT_VERSION = 1;
				GENERATE_INFOPLIST_FILE = YES;
				MARKETING_VERSION = 1.0;
				PRODUCT_BUNDLE_IDENTIFIER = com.info.HospitalUITests;
				PRODUCT_NAME = "$(TARGET_NAME)";
				SWIFT_EMIT_LOC_STRINGS = NO;
				SWIFT_VERSION = 5.0;
				TARGETED_DEVICE_FAMILY = "1,2";
				TEST_TARGET_NAME = Hospital;
			};
			name = Release;
		};
/* End XCBuildConfiguration section */

/* Begin XCConfigurationList section */
		4E6F86DE28ABDB91002F80B6 /* Build configuration list for PBXProject "Hospital" */ = {
			isa = XCConfigurationList;
			buildConfigurations = (
				4E6F870B28ABDB95002F80B6 /* Debug */,
				4E6F870C28ABDB95002F80B6 /* Release */,
			);
			defaultConfigurationIsVisible = 0;
			defaultConfigurationName = Release;
		};
		4E6F870D28ABDB95002F80B6 /* Build configuration list for PBXNativeTarget "Hospital" */ = {
			isa = XCConfigurationList;
			buildConfigurations = (
				4E6F870E28ABDB95002F80B6 /* Debug */,
				4E6F870F28ABDB95002F80B6 /* Release */,
			);
			defaultConfigurationIsVisible = 0;
			defaultConfigurationName = Release;
		};
		4E6F871028ABDB95002F80B6 /* Build configuration list for PBXNativeTarget "HospitalTests" */ = {
			isa = XCConfigurationList;
			buildConfigurations = (
				4E6F871128ABDB95002F80B6 /* Debug */,
				4E6F871228ABDB95002F80B6 /* Release */,
			);
			defaultConfigurationIsVisible = 0;
			defaultConfigurationName = Release;
		};
		4E6F871328ABDB95002F80B6 /* Build configuration list for PBXNativeTarget "HospitalUITests" */ = {
			isa = XCConfigurationList;
			buildConfigurations = (
				4E6F871428ABDB95002F80B6 /* Debug */,
				4E6F871528ABDB95002F80B6 /* Release */,
			);
			defaultConfigurationIsVisible = 0;
			defaultConfigurationName = Release;
		};
/* End XCConfigurationList section */
	};
	rootObject = 4E6F86DB28ABDB91002F80B6 /* Project object */;
}
